// !$*UTF8*$!
{
	archiveVersion = 1;
	classes = {
	};
	objectVersion = 56;
	objects = {

/* Begin PBXBuildFile section */
		A041A7872A168BA0002F6188 /* swiftui_wordsearchApp.swift in Sources */ = {isa = PBXBuildFile; fileRef = A041A7862A168BA0002F6188 /* swiftui_wordsearchApp.swift */; };
		A041A78B2A168BA4002F6188 /* Assets.xcassets in Resources */ = {isa = PBXBuildFile; fileRef = A041A78A2A168BA3002F6188 /* Assets.xcassets */; };
		A041A78E2A168BA4002F6188 /* Preview Assets.xcassets in Resources */ = {isa = PBXBuildFile; fileRef = A041A78D2A168BA4002F6188 /* Preview Assets.xcassets */; };
		A041A7982A168DC2002F6188 /* NavigationState.swift in Sources */ = {isa = PBXBuildFile; fileRef = A041A7952A168DC2002F6188 /* NavigationState.swift */; };
		A041A7992A168DC2002F6188 /* MainRouter.swift in Sources */ = {isa = PBXBuildFile; fileRef = A041A7962A168DC2002F6188 /* MainRouter.swift */; };
		A041A79A2A168DC2002F6188 /* Routes.swift in Sources */ = {isa = PBXBuildFile; fileRef = A041A7972A168DC2002F6188 /* Routes.swift */; };
		A041A79D2A168FD1002F6188 /* MenuView.swift in Sources */ = {isa = PBXBuildFile; fileRef = A041A79C2A168FD1002F6188 /* MenuView.swift */; };
		A041A79F2A169067002F6188 /* GameView.swift in Sources */ = {isa = PBXBuildFile; fileRef = A041A79E2A169067002F6188 /* GameView.swift */; };
		A041A7A12A1692D5002F6188 /* ResultsView.swift in Sources */ = {isa = PBXBuildFile; fileRef = A041A7A02A1692D5002F6188 /* ResultsView.swift */; };
		A041A7A32A169327002F6188 /* CustomButtonStyle.swift in Sources */ = {isa = PBXBuildFile; fileRef = A041A7A22A169327002F6188 /* CustomButtonStyle.swift */; };
		A041A7A62A1693CC002F6188 /* LinearGradient+Extension.swift in Sources */ = {isa = PBXBuildFile; fileRef = A041A7A52A1693CC002F6188 /* LinearGradient+Extension.swift */; };
		A041A7A82A169409002F6188 /* Font+Extension.swift in Sources */ = {isa = PBXBuildFile; fileRef = A041A7A72A169409002F6188 /* Font+Extension.swift */; };
		A041A7AB2A16A781002F6188 /* WordSearch.swift in Sources */ = {isa = PBXBuildFile; fileRef = A041A7AA2A16A781002F6188 /* WordSearch.swift */; };
		A041A7AE2A16BDEF002F6188 /* Dataset.swift in Sources */ = {isa = PBXBuildFile; fileRef = A041A7AD2A16BDEF002F6188 /* Dataset.swift */; };
/* End PBXBuildFile section */

/* Begin PBXFileReference section */
		A041A7832A168BA0002F6188 /* swiftui-wordsearch.app */ = {isa = PBXFileReference; explicitFileType = wrapper.application; includeInIndex = 0; path = "swiftui-wordsearch.app"; sourceTree = BUILT_PRODUCTS_DIR; };
		A041A7862A168BA0002F6188 /* swiftui_wordsearchApp.swift */ = {isa = PBXFileReference; lastKnownFileType = sourcecode.swift; path = swiftui_wordsearchApp.swift; sourceTree = "<group>"; };
		A041A78A2A168BA3002F6188 /* Assets.xcassets */ = {isa = PBXFileReference; lastKnownFileType = folder.assetcatalog; path = Assets.xcassets; sourceTree = "<group>"; };
		A041A78D2A168BA4002F6188 /* Preview Assets.xcassets */ = {isa = PBXFileReference; lastKnownFileType = folder.assetcatalog; path = "Preview Assets.xcassets"; sourceTree = "<group>"; };
		A041A7952A168DC2002F6188 /* NavigationState.swift */ = {isa = PBXFileReference; fileEncoding = 4; lastKnownFileType = sourcecode.swift; path = NavigationState.swift; sourceTree = "<group>"; };
		A041A7962A168DC2002F6188 /* MainRouter.swift */ = {isa = PBXFileReference; fileEncoding = 4; lastKnownFileType = sourcecode.swift; path = MainRouter.swift; sourceTree = "<group>"; };
		A041A7972A168DC2002F6188 /* Routes.swift */ = {isa = PBXFileReference; fileEncoding = 4; lastKnownFileType = sourcecode.swift; path = Routes.swift; sourceTree = "<group>"; };
		A041A79C2A168FD1002F6188 /* MenuView.swift */ = {isa = PBXFileReference; lastKnownFileType = sourcecode.swift; path = MenuView.swift; sourceTree = "<group>"; };
		A041A79E2A169067002F6188 /* GameView.swift */ = {isa = PBXFileReference; lastKnownFileType = sourcecode.swift; path = GameView.swift; sourceTree = "<group>"; };
		A041A7A02A1692D5002F6188 /* ResultsView.swift */ = {isa = PBXFileReference; lastKnownFileType = sourcecode.swift; path = ResultsView.swift; sourceTree = "<group>"; };
		A041A7A22A169327002F6188 /* CustomButtonStyle.swift */ = {isa = PBXFileReference; lastKnownFileType = sourcecode.swift; path = CustomButtonStyle.swift; sourceTree = "<group>"; };
		A041A7A52A1693CC002F6188 /* LinearGradient+Extension.swift */ = {isa = PBXFileReference; lastKnownFileType = sourcecode.swift; path = "LinearGradient+Extension.swift"; sourceTree = "<group>"; };
		A041A7A72A169409002F6188 /* Font+Extension.swift */ = {isa = PBXFileReference; lastKnownFileType = sourcecode.swift; path = "Font+Extension.swift"; sourceTree = "<group>"; };
		A041A7AA2A16A781002F6188 /* WordSearch.swift */ = {isa = PBXFileReference; lastKnownFileType = sourcecode.swift; path = WordSearch.swift; sourceTree = "<group>"; };
		A041A7AD2A16BDEF002F6188 /* Dataset.swift */ = {isa = PBXFileReference; lastKnownFileType = sourcecode.swift; path = Dataset.swift; sourceTree = "<group>"; };
/* End PBXFileReference section */

/* Begin PBXFrameworksBuildPhase section */
		A041A7802A168BA0002F6188 /* Frameworks */ = {
			isa = PBXFrameworksBuildPhase;
			buildActionMask = 2147483647;
			files = (
			);
			runOnlyForDeploymentPostprocessing = 0;
		};
/* End PBXFrameworksBuildPhase section */

/* Begin PBXGroup section */
		A041A77A2A168BA0002F6188 = {
			isa = PBXGroup;
			children = (
				A041A7852A168BA0002F6188 /* swiftui-wordsearch */,
				A041A7842A168BA0002F6188 /* Products */,
			);
			sourceTree = "<group>";
		};
		A041A7842A168BA0002F6188 /* Products */ = {
			isa = PBXGroup;
			children = (
				A041A7832A168BA0002F6188 /* swiftui-wordsearch.app */,
			);
			name = Products;
			sourceTree = "<group>";
		};
		A041A7852A168BA0002F6188 /* swiftui-wordsearch */ = {
			isa = PBXGroup;
			children = (
				A041A78A2A168BA3002F6188 /* Assets.xcassets */,
				A041A7A92A16A76C002F6188 /* engine */,
				A041A7A42A1693B0002F6188 /* extensions */,
				A041A7AC2A16BDD1002F6188 /* model */,
				A041A7942A168DC2002F6188 /* navigation */,
				A041A78C2A168BA4002F6188 /* Preview Content */,
				A041A7862A168BA0002F6188 /* swiftui_wordsearchApp.swift */,
				A041A79B2A168FA3002F6188 /* views */,
			);
			path = "swiftui-wordsearch";
			sourceTree = "<group>";
		};
		A041A78C2A168BA4002F6188 /* Preview Content */ = {
			isa = PBXGroup;
			children = (
				A041A78D2A168BA4002F6188 /* Preview Assets.xcassets */,
			);
			path = "Preview Content";
			sourceTree = "<group>";
		};
		A041A7942A168DC2002F6188 /* navigation */ = {
			isa = PBXGroup;
			children = (
				A041A7952A168DC2002F6188 /* NavigationState.swift */,
				A041A7962A168DC2002F6188 /* MainRouter.swift */,
				A041A7972A168DC2002F6188 /* Routes.swift */,
			);
			path = navigation;
			sourceTree = "<group>";
		};
		A041A79B2A168FA3002F6188 /* views */ = {
			isa = PBXGroup;
			children = (
				A041A7A22A169327002F6188 /* CustomButtonStyle.swift */,
				A041A79E2A169067002F6188 /* GameView.swift */,
				A041A79C2A168FD1002F6188 /* MenuView.swift */,
				A041A7A02A1692D5002F6188 /* ResultsView.swift */,
			);
			path = views;
			sourceTree = "<group>";
		};
		A041A7A42A1693B0002F6188 /* extensions */ = {
			isa = PBXGroup;
			children = (
				A041A7A72A169409002F6188 /* Font+Extension.swift */,
				A041A7A52A1693CC002F6188 /* LinearGradient+Extension.swift */,
			);
			path = extensions;
			sourceTree = "<group>";
		};
		A041A7A92A16A76C002F6188 /* engine */ = {
			isa = PBXGroup;
			children = (
				A041A7AA2A16A781002F6188 /* WordSearch.swift */,
			);
			path = engine;
			sourceTree = "<group>";
		};
		A041A7AC2A16BDD1002F6188 /* model */ = {
			isa = PBXGroup;
			children = (
				A041A7AD2A16BDEF002F6188 /* Dataset.swift */,
			);
			path = model;
			sourceTree = "<group>";
		};
/* End PBXGroup section */

/* Begin PBXNativeTarget section */
		A041A7822A168BA0002F6188 /* swiftui-wordsearch */ = {
			isa = PBXNativeTarget;
			buildConfigurationList = A041A7912A168BA4002F6188 /* Build configuration list for PBXNativeTarget "swiftui-wordsearch" */;
			buildPhases = (
				A041A77F2A168BA0002F6188 /* Sources */,
				A041A7802A168BA0002F6188 /* Frameworks */,
				A041A7812A168BA0002F6188 /* Resources */,
			);
			buildRules = (
			);
			dependencies = (
			);
			name = "swiftui-wordsearch";
			productName = "swiftui-wordsearch";
			productReference = A041A7832A168BA0002F6188 /* swiftui-wordsearch.app */;
			productType = "com.apple.product-type.application";
		};
/* End PBXNativeTarget section */

/* Begin PBXProject section */
		A041A77B2A168BA0002F6188 /* Project object */ = {
			isa = PBXProject;
			attributes = {
				BuildIndependentTargetsInParallel = 1;
				LastSwiftUpdateCheck = 1430;
				LastUpgradeCheck = 1430;
				TargetAttributes = {
					A041A7822A168BA0002F6188 = {
						CreatedOnToolsVersion = 14.3;
					};
				};
			};
			buildConfigurationList = A041A77E2A168BA0002F6188 /* Build configuration list for PBXProject "swiftui-wordsearch" */;
			compatibilityVersion = "Xcode 14.0";
			developmentRegion = en;
			hasScannedForEncodings = 0;
			knownRegions = (
				en,
				Base,
			);
			mainGroup = A041A77A2A168BA0002F6188;
			productRefGroup = A041A7842A168BA0002F6188 /* Products */;
			projectDirPath = "";
			projectRoot = "";
			targets = (
				A041A7822A168BA0002F6188 /* swiftui-wordsearch */,
			);
		};
/* End PBXProject section */

/* Begin PBXResourcesBuildPhase section */
		A041A7812A168BA0002F6188 /* Resources */ = {
			isa = PBXResourcesBuildPhase;
			buildActionMask = 2147483647;
			files = (
				A041A78E2A168BA4002F6188 /* Preview Assets.xcassets in Resources */,
				A041A78B2A168BA4002F6188 /* Assets.xcassets in Resources */,
			);
			runOnlyForDeploymentPostprocessing = 0;
		};
/* End PBXResourcesBuildPhase section */

/* Begin PBXSourcesBuildPhase section */
		A041A77F2A168BA0002F6188 /* Sources */ = {
			isa = PBXSourcesBuildPhase;
			buildActionMask = 2147483647;
			files = (
				A041A7A32A169327002F6188 /* CustomButtonStyle.swift in Sources */,
				A041A7A12A1692D5002F6188 /* ResultsView.swift in Sources */,
				A041A7A62A1693CC002F6188 /* LinearGradient+Extension.swift in Sources */,
				A041A79D2A168FD1002F6188 /* MenuView.swift in Sources */,
				A041A7992A168DC2002F6188 /* MainRouter.swift in Sources */,
				A041A79A2A168DC2002F6188 /* Routes.swift in Sources */,
				A041A7AE2A16BDEF002F6188 /* Dataset.swift in Sources */,
				A041A7A82A169409002F6188 /* Font+Extension.swift in Sources */,
				A041A7AB2A16A781002F6188 /* WordSearch.swift in Sources */,
				A041A7982A168DC2002F6188 /* NavigationState.swift in Sources */,
				A041A7872A168BA0002F6188 /* swiftui_wordsearchApp.swift in Sources */,
				A041A79F2A169067002F6188 /* GameView.swift in Sources */,
			);
			runOnlyForDeploymentPostprocessing = 0;
		};
/* End PBXSourcesBuildPhase section */

/* Begin XCBuildConfiguration section */
		A041A78F2A168BA4002F6188 /* Debug */ = {
			isa = XCBuildConfiguration;
			buildSettings = {
				ALWAYS_SEARCH_USER_PATHS = NO;
				CLANG_ANALYZER_NONNULL = YES;
				CLANG_ANALYZER_NUMBER_OBJECT_CONVERSION = YES_AGGRESSIVE;
				CLANG_CXX_LANGUAGE_STANDARD = "gnu++20";
				CLANG_ENABLE_MODULES = YES;
				CLANG_ENABLE_OBJC_ARC = YES;
				CLANG_ENABLE_OBJC_WEAK = YES;
				CLANG_WARN_BLOCK_CAPTURE_AUTORELEASING = YES;
				CLANG_WARN_BOOL_CONVERSION = YES;
				CLANG_WARN_COMMA = YES;
				CLANG_WARN_CONSTANT_CONVERSION = YES;
				CLANG_WARN_DEPRECATED_OBJC_IMPLEMENTATIONS = YES;
				CLANG_WARN_DIRECT_OBJC_ISA_USAGE = YES_ERROR;
				CLANG_WARN_DOCUMENTATION_COMMENTS = YES;
				CLANG_WARN_EMPTY_BODY = YES;
				CLANG_WARN_ENUM_CONVERSION = YES;
				CLANG_WARN_INFINITE_RECURSION = YES;
				CLANG_WARN_INT_CONVERSION = YES;
				CLANG_WARN_NON_LITERAL_NULL_CONVERSION = YES;
				CLANG_WARN_OBJC_IMPLICIT_RETAIN_SELF = YES;
				CLANG_WARN_OBJC_LITERAL_CONVERSION = YES;
				CLANG_WARN_OBJC_ROOT_CLASS = YES_ERROR;
				CLANG_WARN_QUOTED_INCLUDE_IN_FRAMEWORK_HEADER = YES;
				CLANG_WARN_RANGE_LOOP_ANALYSIS = YES;
				CLANG_WARN_STRICT_PROTOTYPES = YES;
				CLANG_WARN_SUSPICIOUS_MOVE = YES;
				CLANG_WARN_UNGUARDED_AVAILABILITY = YES_AGGRESSIVE;
				CLANG_WARN_UNREACHABLE_CODE = YES;
				CLANG_WARN__DUPLICATE_METHOD_MATCH = YES;
				COPY_PHASE_STRIP = NO;
				DEBUG_INFORMATION_FORMAT = dwarf;
				ENABLE_STRICT_OBJC_MSGSEND = YES;
				ENABLE_TESTABILITY = YES;
				GCC_C_LANGUAGE_STANDARD = gnu11;
				GCC_DYNAMIC_NO_PIC = NO;
				GCC_NO_COMMON_BLOCKS = YES;
				GCC_OPTIMIZATION_LEVEL = 0;
				GCC_PREPROCESSOR_DEFINITIONS = (
					"DEBUG=1",
					"$(inherited)",
				);
				GCC_WARN_64_TO_32_BIT_CONVERSION = YES;
				GCC_WARN_ABOUT_RETURN_TYPE = YES_ERROR;
				GCC_WARN_UNDECLARED_SELECTOR = YES;
				GCC_WARN_UNINITIALIZED_AUTOS = YES_AGGRESSIVE;
				GCC_WARN_UNUSED_FUNCTION = YES;
				GCC_WARN_UNUSED_VARIABLE = YES;
				IPHONEOS_DEPLOYMENT_TARGET = 16.4;
				MTL_ENABLE_DEBUG_INFO = INCLUDE_SOURCE;
				MTL_FAST_MATH = YES;
				ONLY_ACTIVE_ARCH = YES;
				SDKROOT = iphoneos;
				SWIFT_ACTIVE_COMPILATION_CONDITIONS = DEBUG;
				SWIFT_OPTIMIZATION_LEVEL = "-Onone";
			};
			name = Debug;
		};
		A041A7902A168BA4002F6188 /* Release */ = {
			isa = XCBuildConfiguration;
			buildSettings = {
				ALWAYS_SEARCH_USER_PATHS = NO;
				CLANG_ANALYZER_NONNULL = YES;
				CLANG_ANALYZER_NUMBER_OBJECT_CONVERSION = YES_AGGRESSIVE;
				CLANG_CXX_LANGUAGE_STANDARD = "gnu++20";
				CLANG_ENABLE_MODULES = YES;
				CLANG_ENABLE_OBJC_ARC = YES;
				CLANG_ENABLE_OBJC_WEAK = YES;
				CLANG_WARN_BLOCK_CAPTURE_AUTORELEASING = YES;
				CLANG_WARN_BOOL_CONVERSION = YES;
				CLANG_WARN_COMMA = YES;
				CLANG_WARN_CONSTANT_CONVERSION = YES;
				CLANG_WARN_DEPRECATED_OBJC_IMPLEMENTATIONS = YES;
				CLANG_WARN_DIRECT_OBJC_ISA_USAGE = YES_ERROR;
				CLANG_WARN_DOCUMENTATION_COMMENTS = YES;
				CLANG_WARN_EMPTY_BODY = YES;
				CLANG_WARN_ENUM_CONVERSION = YES;
				CLANG_WARN_INFINITE_RECURSION = YES;
				CLANG_WARN_INT_CONVERSION = YES;
				CLANG_WARN_NON_LITERAL_NULL_CONVERSION = YES;
				CLANG_WARN_OBJC_IMPLICIT_RETAIN_SELF = YES;
				CLANG_WARN_OBJC_LITERAL_CONVERSION = YES;
				CLANG_WARN_OBJC_ROOT_CLASS = YES_ERROR;
				CLANG_WARN_QUOTED_INCLUDE_IN_FRAMEWORK_HEADER = YES;
				CLANG_WARN_RANGE_LOOP_ANALYSIS = YES;
				CLANG_WARN_STRICT_PROTOTYPES = YES;
				CLANG_WARN_SUSPICIOUS_MOVE = YES;
				CLANG_WARN_UNGUARDED_AVAILABILITY = YES_AGGRESSIVE;
				CLANG_WARN_UNREACHABLE_CODE = YES;
				CLANG_WARN__DUPLICATE_METHOD_MATCH = YES;
				COPY_PHASE_STRIP = NO;
				DEBUG_INFORMATION_FORMAT = "dwarf-with-dsym";
				ENABLE_NS_ASSERTIONS = NO;
				ENABLE_STRICT_OBJC_MSGSEND = YES;
				GCC_C_LANGUAGE_STANDARD = gnu11;
				GCC_NO_COMMON_BLOCKS = YES;
				GCC_WARN_64_TO_32_BIT_CONVERSION = YES;
				GCC_WARN_ABOUT_RETURN_TYPE = YES_ERROR;
				GCC_WARN_UNDECLARED_SELECTOR = YES;
				GCC_WARN_UNINITIALIZED_AUTOS = YES_AGGRESSIVE;
				GCC_WARN_UNUSED_FUNCTION = YES;
				GCC_WARN_UNUSED_VARIABLE = YES;
				IPHONEOS_DEPLOYMENT_TARGET = 16.4;
				MTL_ENABLE_DEBUG_INFO = NO;
				MTL_FAST_MATH = YES;
				SDKROOT = iphoneos;
				SWIFT_COMPILATION_MODE = wholemodule;
				SWIFT_OPTIMIZATION_LEVEL = "-O";
				VALIDATE_PRODUCT = YES;
			};
			name = Release;
		};
		A041A7922A168BA4002F6188 /* Debug */ = {
			isa = XCBuildConfiguration;
			buildSettings = {
				ASSETCATALOG_COMPILER_APPICON_NAME = AppIcon;
				ASSETCATALOG_COMPILER_GLOBAL_ACCENT_COLOR_NAME = AccentColor;
				CODE_SIGN_STYLE = Automatic;
				CURRENT_PROJECT_VERSION = 1;
				DEVELOPMENT_ASSET_PATHS = "\"swiftui-wordsearch/Preview Content\"";
				DEVELOPMENT_TEAM = 6YZP4BVF2B;
				ENABLE_PREVIEWS = YES;
				GENERATE_INFOPLIST_FILE = YES;
				INFOPLIST_KEY_UIApplicationSceneManifest_Generation = YES;
				INFOPLIST_KEY_UIApplicationSupportsIndirectInputEvents = YES;
				INFOPLIST_KEY_UILaunchScreen_Generation = YES;
				INFOPLIST_KEY_UISupportedInterfaceOrientations_iPad = "UIInterfaceOrientationPortrait UIInterfaceOrientationPortraitUpsideDown UIInterfaceOrientationLandscapeLeft UIInterfaceOrientationLandscapeRight";
				INFOPLIST_KEY_UISupportedInterfaceOrientations_iPhone = "UIInterfaceOrientationPortrait UIInterfaceOrientationLandscapeLeft UIInterfaceOrientationLandscapeRight";
				IPHONEOS_DEPLOYMENT_TARGET = 15.0;
				LD_RUNPATH_SEARCH_PATHS = (
					"$(inherited)",
					"@executable_path/Frameworks",
				);
				MARKETING_VERSION = 1.0;
				PRODUCT_BUNDLE_IDENTIFIER = "com.jeromebach.swiftui-wordsearch";
				PRODUCT_NAME = "$(TARGET_NAME)";
				SWIFT_EMIT_LOC_STRINGS = YES;
				SWIFT_VERSION = 5.0;
				TARGETED_DEVICE_FAMILY = "1,2";
			};
			name = Debug;
		};
		A041A7932A168BA4002F6188 /* Release */ = {
			isa = XCBuildConfiguration;
			buildSettings = {
				ASSETCATALOG_COMPILER_APPICON_NAME = AppIcon;
				ASSETCATALOG_COMPILER_GLOBAL_ACCENT_COLOR_NAME = AccentColor;
				CODE_SIGN_STYLE = Automatic;
				CURRENT_PROJECT_VERSION = 1;
				DEVELOPMENT_ASSET_PATHS = "\"swiftui-wordsearch/Preview Content\"";
				DEVELOPMENT_TEAM = 6YZP4BVF2B;
				ENABLE_PREVIEWS = YES;
				GENERATE_INFOPLIST_FILE = YES;
				INFOPLIST_KEY_UIApplicationSceneManifest_Generation = YES;
				INFOPLIST_KEY_UIApplicationSupportsIndirectInputEvents = YES;
				INFOPLIST_KEY_UILaunchScreen_Generation = YES;
				INFOPLIST_KEY_UISupportedInterfaceOrientations_iPad = "UIInterfaceOrientationPortrait UIInterfaceOrientationPortraitUpsideDown UIInterfaceOrientationLandscapeLeft UIInterfaceOrientationLandscapeRight";
				INFOPLIST_KEY_UISupportedInterfaceOrientations_iPhone = "UIInterfaceOrientationPortrait UIInterfaceOrientationLandscapeLeft UIInterfaceOrientationLandscapeRight";
				IPHONEOS_DEPLOYMENT_TARGET = 15.0;
				LD_RUNPATH_SEARCH_PATHS = (
					"$(inherited)",
					"@executable_path/Frameworks",
				);
				MARKETING_VERSION = 1.0;
				PRODUCT_BUNDLE_IDENTIFIER = "com.jeromebach.swiftui-wordsearch";
				PRODUCT_NAME = "$(TARGET_NAME)";
				SWIFT_EMIT_LOC_STRINGS = YES;
				SWIFT_VERSION = 5.0;
				TARGETED_DEVICE_FAMILY = "1,2";
			};
			name = Release;
		};
/* End XCBuildConfiguration section */

/* Begin XCConfigurationList section */
		A041A77E2A168BA0002F6188 /* Build configuration list for PBXProject "swiftui-wordsearch" */ = {
			isa = XCConfigurationList;
			buildConfigurations = (
				A041A78F2A168BA4002F6188 /* Debug */,
				A041A7902A168BA4002F6188 /* Release */,
			);
			defaultConfigurationIsVisible = 0;
			defaultConfigurationName = Release;
		};
		A041A7912A168BA4002F6188 /* Build configuration list for PBXNativeTarget "swiftui-wordsearch" */ = {
			isa = XCConfigurationList;
			buildConfigurations = (
				A041A7922A168BA4002F6188 /* Debug */,
				A041A7932A168BA4002F6188 /* Release */,
			);
			defaultConfigurationIsVisible = 0;
			defaultConfigurationName = Release;
		};
/* End XCConfigurationList section */
	};
	rootObject = A041A77B2A168BA0002F6188 /* Project object */;
}
